
Microsoft Visual Studio Solution File, Format Version 12.00
# Visual Studio Version 17
VisualStudioVersion = 17.9.34728.123
MinimumVisualStudioVersion = 10.0.40219.1
Project("{9A19103F-16F7-4668-BE54-9A1E7A4F7556}") = "Assignment_1", "Assignment_1\Assignment_1.csproj", "{43191673-84A6-47C1-9FD1-997AF60AE733}"
EndProject
Project("{9A19103F-16F7-4668-BE54-9A1E7A4F7556}") = "Assignment_2", "ConsoleApp1\Assignment_2.csproj", "{2ADCC8B0-9D2E-4342-B2A3-3242AA5BE11E}"
EndProject
Project("{9A19103F-16F7-4668-BE54-9A1E7A4F7556}") = "Assignment_3", "Assignment_3\Assignment_3.csproj", "{F5BA8BEE-0AA3-44BA-8052-98873C985B63}"
EndProject
Project("{9A19103F-16F7-4668-BE54-9A1E7A4F7556}") = "Assignment_4", "Assignment_4\Assignment_4.csproj", "{E9869FA9-56AB-4CF1-8C6B-2746FA6CA1EA}"
EndProject
Project("{9A19103F-16F7-4668-BE54-9A1E7A4F7556}") = "Assignment_5", "Assignment_5\Assignment_5.csproj", "{1530A26B-DBFD-468D-A988-5CC1283EE421}"
EndProject
Project("{9A19103F-16F7-4668-BE54-9A1E7A4F7556}") = "Assignment_6", "Assignment_6\Assignment_6.csproj", "{6F1273D4-E375-4E26-905F-F31F2E066130}"
EndProject
Project("{9A19103F-16F7-4668-BE54-9A1E7A4F7556}") = "Assignment_7", "Assignment_7\Assignment_7.csproj", "{4DC6B523-60DF-4F1F-A69C-7E49C227D530}"
EndProject
Project("{9A19103F-16F7-4668-BE54-9A1E7A4F7556}") = "Assignment_8", "Assignment_8\Assignment_8.csproj", "{104B1E05-624B-47AC-9BE4-C21ADC6B1B2E}"
EndProject
Project("{9A19103F-16F7-4668-BE54-9A1E7A4F7556}") = "Assignment_9", "Assignment_9\Assignment_9.csproj", "{A7BF4690-78CF-4485-9843-843C5F8176E3}"
EndProject
Project("{9A19103F-16F7-4668-BE54-9A1E7A4F7556}") = "Assignment_10", "Assignment_10\Assignment_10.csproj", "{C76CC27C-BC06-41E4-A10B-48D6A13A1790}"
EndProject
Project("{9A19103F-16F7-4668-BE54-9A1E7A4F7556}") = "Assignment_11", "Assignment_11\Assignment_11.csproj", "{773484B1-F844-457A-B4B5-D1DED7DE16BF}"
EndProject
Project("{9A19103F-16F7-4668-BE54-9A1E7A4F7556}") = "Assignment_12", "Assignment_12\Assignment_12.csproj", "{84D93F75-008E-4E5A-B81E-98EB2E9E3702}"
EndProject
Project("{9A19103F-16F7-4668-BE54-9A1E7A4F7556}") = "Assignment_13", "Assignment_13\Assignment_13.csproj", "{18259B58-C302-422C-A85A-C4A24CB43E31}"
EndProject
Project("{9A19103F-16F7-4668-BE54-9A1E7A4F7556}") = "Assignment_14", "Assignment_14\Assignment_14.csproj", "{EB647113-6A19-416A-ADE3-A397B43D6916}"
EndProject
Project("{9A19103F-16F7-4668-BE54-9A1E7A4F7556}") = "Assignment_15", "Assignment_15\Assignment_15.csproj", "{D715D1D8-85C4-493E-87B0-9A61701ABED1}"
EndProject
Project("{9A19103F-16F7-4668-BE54-9A1E7A4F7556}") = "Assignment_16", "Assignment_16\Assignment_16.csproj", "{60D05ABE-E0B1-4EE4-9DF8-F0D0636D05A4}"
EndProject
Project("{9A19103F-16F7-4668-BE54-9A1E7A4F7556}") = "Assignment_17", "Assignment_17\Assignment_17.csproj", "{CA9B17F4-2083-408C-9A91-40FF43EB1282}"
EndProject
Project("{9A19103F-16F7-4668-BE54-9A1E7A4F7556}") = "Assignment_18", "Assignment_18\Assignment_18.csproj", "{7FE8D879-4E50-4DF7-BC4B-E4B5F2A50990}"
EndProject
Project("{9A19103F-16F7-4668-BE54-9A1E7A4F7556}") = "Assignment_19", "Assignment_19\Assignment_19.csproj", "{E571220F-F43D-4A94-B15D-AB3F1A5A69A9}"
EndProject
Project("{9A19103F-16F7-4668-BE54-9A1E7A4F7556}") = "Assignment_20", "Assignment_20\Assignment_20.csproj", "{1A723600-168B-4E3A-902E-D52465A396D9}"
EndProject
Project("{9A19103F-16F7-4668-BE54-9A1E7A4F7556}") = "Assignment_21", "Assignment_21\Assignment_21.csproj", "{D103BDB7-71AC-4E35-9F81-384806EE3418}"
EndProject
Project("{9A19103F-16F7-4668-BE54-9A1E7A4F7556}") = "Assignment_22", "Assignment_22\Assignment_22.csproj", "{32825C0E-EC00-496C-BF6A-3CF072B3B42B}"
EndProject
Project("{9A19103F-16F7-4668-BE54-9A1E7A4F7556}") = "Assignment_23", "Assignment_23\Assignment_23.csproj", "{06AD5E52-BDBE-451D-8091-A5A2751917A2}"
EndProject
Project("{9A19103F-16F7-4668-BE54-9A1E7A4F7556}") = "Assignment_24", "Assignment_24\Assignment_24.csproj", "{D44E2835-BE3C-486D-916C-BAECD98E3BC9}"
EndProject
Project("{9A19103F-16F7-4668-BE54-9A1E7A4F7556}") = "Assignment_25", "Assignment_25\Assignment_25.csproj", "{ACAC339C-A605-40A8-8BA2-1C6DFA8E31FC}"
EndProject
Project("{9A19103F-16F7-4668-BE54-9A1E7A4F7556}") = "Assignment_26", "Assignment_26\Assignment_26.csproj", "{B85DE5EB-3529-4046-AADC-6C9A8B69EC12}"
EndProject
Project("{9A19103F-16F7-4668-BE54-9A1E7A4F7556}") = "Assignment_27", "Assignment_27\Assignment_27.csproj", "{2782A4AA-36C1-4B29-9771-E12CBC3C2C69}"
EndProject
Project("{9A19103F-16F7-4668-BE54-9A1E7A4F7556}") = "Assignment_28", "Assignment_28\Assignment_28.csproj", "{A40D01BB-3576-4E1A-8332-0A51850A4B4D}"
EndProject
Project("{9A19103F-16F7-4668-BE54-9A1E7A4F7556}") = "Assignment_29", "Assignment_29\Assignment_29.csproj", "{3974F4BC-1A06-4F23-AD54-23DE00745E12}"
EndProject
Project("{9A19103F-16F7-4668-BE54-9A1E7A4F7556}") = "Assignment_30", "Assignment_30\Assignment_30.csproj", "{4DE7183A-D41A-44D3-A2E3-D35FA99EC702}"
EndProject
Project("{FAE04EC0-301F-11D3-BF4B-00C04F79EFBC}") = "Assignment_31", "Assignment_31\Assignment_31.csproj", "{08A2D78E-D512-460F-8825-DEB85E29E922}"
EndProject
Project("{FAE04EC0-301F-11D3-BF4B-00C04F79EFBC}") = "Assignment_32", "Assignment_32\Assignment_32.csproj", "{6683EFB1-5D6B-470C-92DD-4C8FC023A9F9}"
EndProject
Project("{FAE04EC0-301F-11D3-BF4B-00C04F79EFBC}") = "Assignment_33", "Assignment_33\Assignment_33.csproj", "{47A209DE-9B1A-47F4-96E7-F8E023DFF4C5}"
EndProject
Project("{FAE04EC0-301F-11D3-BF4B-00C04F79EFBC}") = "Assignment_34", "Assignment_34\Assignment_34.csproj", "{28570227-9BF7-4107-B5F7-56A3158C145C}"
EndProject
Project("{FAE04EC0-301F-11D3-BF4B-00C04F79EFBC}") = "Assignment_35", "Assignment_35\Assignment_35.csproj", "{EA89B7B8-7B55-4C79-9AB9-066709A9B7B3}"
EndProject
Project("{FAE04EC0-301F-11D3-BF4B-00C04F79EFBC}") = "Assignment_36", "Assignment_36\Assignment_36.csproj", "{295FD55A-23C9-42E0-B257-6034B17E6333}"
EndProject
Project("{FAE04EC0-301F-11D3-BF4B-00C04F79EFBC}") = "Assignment_37", "Assignment_37\Assignment_37.csproj", "{35AFF623-3E63-46AF-95EC-71EEB40409E2}"
EndProject
Project("{FAE04EC0-301F-11D3-BF4B-00C04F79EFBC}") = "Assignment_38", "Assignment_38\Assignment_38.csproj", "{EA24927D-8DF6-4E4B-A265-C7ADB4463C88}"
EndProject
Project("{FAE04EC0-301F-11D3-BF4B-00C04F79EFBC}") = "Assignment_39", "Assignment_39\Assignment_39.csproj", "{320D28A3-1445-4702-9E75-41222E03C9CF}"
EndProject
Project("{FAE04EC0-301F-11D3-BF4B-00C04F79EFBC}") = "Assignment_40", "Assignment_40\Assignment_40.csproj", "{4069AA0B-EE34-4E36-9CD3-17F4BAD1D000}"
EndProject
Project("{FAE04EC0-301F-11D3-BF4B-00C04F79EFBC}") = "Assignment_41", "Assignment_41\Assignment_41.csproj", "{77DFB8B6-9767-43F6-B9C0-F8E32EDBFB24}"
EndProject
Project("{FAE04EC0-301F-11D3-BF4B-00C04F79EFBC}") = "Assignment_42", "Assignment_42\Assignment_42.csproj", "{6D480204-25FC-4A62-9BEE-8D5166260425}"
EndProject
Project("{FAE04EC0-301F-11D3-BF4B-00C04F79EFBC}") = "Assignment_43", "Assignment_43\Assignment_43.csproj", "{D4725BEA-4023-4454-8951-AAFA75450DF6}"
EndProject
Project("{FAE04EC0-301F-11D3-BF4B-00C04F79EFBC}") = "Assignment_44", "Assignment_44\Assignment_44.csproj", "{F811C22C-7B13-40C6-A21D-96071DE8FAC4}"
EndProject
Project("{FAE04EC0-301F-11D3-BF4B-00C04F79EFBC}") = "Assignment_45", "Assignment_45\Assignment_45.csproj", "{47158651-F4F6-4679-B7B5-68DDA73E6B8D}"
EndProject
Project("{FAE04EC0-301F-11D3-BF4B-00C04F79EFBC}") = "Assignment_46", "Assignment_46\Assignment_46.csproj", "{11D45060-DEC6-4E64-ACDA-D397F0A808CA}"
EndProject
Project("{FAE04EC0-301F-11D3-BF4B-00C04F79EFBC}") = "Assignment_47", "Assignment_47\Assignment_47.csproj", "{909989E9-FB80-4A59-936B-19BCB8CACDD8}"
EndProject
Project("{FAE04EC0-301F-11D3-BF4B-00C04F79EFBC}") = "Assignment_48", "Assignment_48\Assignment_48.csproj", "{59D1F6F4-8853-48C9-8590-88468F508B68}"
EndProject
Project("{FAE04EC0-301F-11D3-BF4B-00C04F79EFBC}") = "Assignment_49", "Assignment_49\Assignment_49.csproj", "{317F1D99-370F-4136-A81E-41EFA9CAAC7D}"
EndProject
Project("{FAE04EC0-301F-11D3-BF4B-00C04F79EFBC}") = "Assignment_50", "Assignment_50\Assignment_50.csproj", "{6B7D0E0F-9A37-4A48-B9F7-8788EDF0E45E}"
EndProject
Global
	GlobalSection(SolutionConfigurationPlatforms) = preSolution
		Debug|Any CPU = Debug|Any CPU
		Release|Any CPU = Release|Any CPU
	EndGlobalSection
	GlobalSection(ProjectConfigurationPlatforms) = postSolution
		{43191673-84A6-47C1-9FD1-997AF60AE733}.Debug|Any CPU.ActiveCfg = Debug|Any CPU
		{43191673-84A6-47C1-9FD1-997AF60AE733}.Debug|Any CPU.Build.0 = Debug|Any CPU
		{43191673-84A6-47C1-9FD1-997AF60AE733}.Release|Any CPU.ActiveCfg = Release|Any CPU
		{43191673-84A6-47C1-9FD1-997AF60AE733}.Release|Any CPU.Build.0 = Release|Any CPU
		{2ADCC8B0-9D2E-4342-B2A3-3242AA5BE11E}.Debug|Any CPU.ActiveCfg = Debug|Any CPU
		{2ADCC8B0-9D2E-4342-B2A3-3242AA5BE11E}.Debug|Any CPU.Build.0 = Debug|Any CPU
		{2ADCC8B0-9D2E-4342-B2A3-3242AA5BE11E}.Release|Any CPU.ActiveCfg = Release|Any CPU
		{2ADCC8B0-9D2E-4342-B2A3-3242AA5BE11E}.Release|Any CPU.Build.0 = Release|Any CPU
		{F5BA8BEE-0AA3-44BA-8052-98873C985B63}.Debug|Any CPU.ActiveCfg = Debug|Any CPU
		{F5BA8BEE-0AA3-44BA-8052-98873C985B63}.Debug|Any CPU.Build.0 = Debug|Any CPU
		{F5BA8BEE-0AA3-44BA-8052-98873C985B63}.Release|Any CPU.ActiveCfg = Release|Any CPU
		{F5BA8BEE-0AA3-44BA-8052-98873C985B63}.Release|Any CPU.Build.0 = Release|Any CPU
		{E9869FA9-56AB-4CF1-8C6B-2746FA6CA1EA}.Debug|Any CPU.ActiveCfg = Debug|Any CPU
		{E9869FA9-56AB-4CF1-8C6B-2746FA6CA1EA}.Debug|Any CPU.Build.0 = Debug|Any CPU
		{E9869FA9-56AB-4CF1-8C6B-2746FA6CA1EA}.Release|Any CPU.ActiveCfg = Release|Any CPU
		{E9869FA9-56AB-4CF1-8C6B-2746FA6CA1EA}.Release|Any CPU.Build.0 = Release|Any CPU
		{1530A26B-DBFD-468D-A988-5CC1283EE421}.Debug|Any CPU.ActiveCfg = Debug|Any CPU
		{1530A26B-DBFD-468D-A988-5CC1283EE421}.Debug|Any CPU.Build.0 = Debug|Any CPU
		{1530A26B-DBFD-468D-A988-5CC1283EE421}.Release|Any CPU.ActiveCfg = Release|Any CPU
		{1530A26B-DBFD-468D-A988-5CC1283EE421}.Release|Any CPU.Build.0 = Release|Any CPU
		{6F1273D4-E375-4E26-905F-F31F2E066130}.Debug|Any CPU.ActiveCfg = Debug|Any CPU
		{6F1273D4-E375-4E26-905F-F31F2E066130}.Debug|Any CPU.Build.0 = Debug|Any CPU
		{6F1273D4-E375-4E26-905F-F31F2E066130}.Release|Any CPU.ActiveCfg = Release|Any CPU
		{6F1273D4-E375-4E26-905F-F31F2E066130}.Release|Any CPU.Build.0 = Release|Any CPU
		{4DC6B523-60DF-4F1F-A69C-7E49C227D530}.Debug|Any CPU.ActiveCfg = Debug|Any CPU
		{4DC6B523-60DF-4F1F-A69C-7E49C227D530}.Debug|Any CPU.Build.0 = Debug|Any CPU
		{4DC6B523-60DF-4F1F-A69C-7E49C227D530}.Release|Any CPU.ActiveCfg = Release|Any CPU
		{4DC6B523-60DF-4F1F-A69C-7E49C227D530}.Release|Any CPU.Build.0 = Release|Any CPU
		{104B1E05-624B-47AC-9BE4-C21ADC6B1B2E}.Debug|Any CPU.ActiveCfg = Debug|Any CPU
		{104B1E05-624B-47AC-9BE4-C21ADC6B1B2E}.Debug|Any CPU.Build.0 = Debug|Any CPU
		{104B1E05-624B-47AC-9BE4-C21ADC6B1B2E}.Release|Any CPU.ActiveCfg = Release|Any CPU
		{104B1E05-624B-47AC-9BE4-C21ADC6B1B2E}.Release|Any CPU.Build.0 = Release|Any CPU
		{A7BF4690-78CF-4485-9843-843C5F8176E3}.Debug|Any CPU.ActiveCfg = Debug|Any CPU
		{A7BF4690-78CF-4485-9843-843C5F8176E3}.Debug|Any CPU.Build.0 = Debug|Any CPU
		{A7BF4690-78CF-4485-9843-843C5F8176E3}.Release|Any CPU.ActiveCfg = Release|Any CPU
		{A7BF4690-78CF-4485-9843-843C5F8176E3}.Release|Any CPU.Build.0 = Release|Any CPU
		{C76CC27C-BC06-41E4-A10B-48D6A13A1790}.Debug|Any CPU.ActiveCfg = Debug|Any CPU
		{C76CC27C-BC06-41E4-A10B-48D6A13A1790}.Debug|Any CPU.Build.0 = Debug|Any CPU
		{C76CC27C-BC06-41E4-A10B-48D6A13A1790}.Release|Any CPU.ActiveCfg = Release|Any CPU
		{C76CC27C-BC06-41E4-A10B-48D6A13A1790}.Release|Any CPU.Build.0 = Release|Any CPU
		{773484B1-F844-457A-B4B5-D1DED7DE16BF}.Debug|Any CPU.ActiveCfg = Debug|Any CPU
		{773484B1-F844-457A-B4B5-D1DED7DE16BF}.Debug|Any CPU.Build.0 = Debug|Any CPU
		{773484B1-F844-457A-B4B5-D1DED7DE16BF}.Release|Any CPU.ActiveCfg = Release|Any CPU
		{773484B1-F844-457A-B4B5-D1DED7DE16BF}.Release|Any CPU.Build.0 = Release|Any CPU
		{84D93F75-008E-4E5A-B81E-98EB2E9E3702}.Debug|Any CPU.ActiveCfg = Debug|Any CPU
		{84D93F75-008E-4E5A-B81E-98EB2E9E3702}.Debug|Any CPU.Build.0 = Debug|Any CPU
		{84D93F75-008E-4E5A-B81E-98EB2E9E3702}.Release|Any CPU.ActiveCfg = Release|Any CPU
		{84D93F75-008E-4E5A-B81E-98EB2E9E3702}.Release|Any CPU.Build.0 = Release|Any CPU
		{18259B58-C302-422C-A85A-C4A24CB43E31}.Debug|Any CPU.ActiveCfg = Debug|Any CPU
		{18259B58-C302-422C-A85A-C4A24CB43E31}.Debug|Any CPU.Build.0 = Debug|Any CPU
		{18259B58-C302-422C-A85A-C4A24CB43E31}.Release|Any CPU.ActiveCfg = Release|Any CPU
		{18259B58-C302-422C-A85A-C4A24CB43E31}.Release|Any CPU.Build.0 = Release|Any CPU
		{EB647113-6A19-416A-ADE3-A397B43D6916}.Debug|Any CPU.ActiveCfg = Debug|Any CPU
		{EB647113-6A19-416A-ADE3-A397B43D6916}.Debug|Any CPU.Build.0 = Debug|Any CPU
		{EB647113-6A19-416A-ADE3-A397B43D6916}.Release|Any CPU.ActiveCfg = Release|Any CPU
		{EB647113-6A19-416A-ADE3-A397B43D6916}.Release|Any CPU.Build.0 = Release|Any CPU
		{D715D1D8-85C4-493E-87B0-9A61701ABED1}.Debug|Any CPU.ActiveCfg = Debug|Any CPU
		{D715D1D8-85C4-493E-87B0-9A61701ABED1}.Debug|Any CPU.Build.0 = Debug|Any CPU
		{D715D1D8-85C4-493E-87B0-9A61701ABED1}.Release|Any CPU.ActiveCfg = Release|Any CPU
		{D715D1D8-85C4-493E-87B0-9A61701ABED1}.Release|Any CPU.Build.0 = Release|Any CPU
		{60D05ABE-E0B1-4EE4-9DF8-F0D0636D05A4}.Debug|Any CPU.ActiveCfg = Debug|Any CPU
		{60D05ABE-E0B1-4EE4-9DF8-F0D0636D05A4}.Debug|Any CPU.Build.0 = Debug|Any CPU
		{60D05ABE-E0B1-4EE4-9DF8-F0D0636D05A4}.Release|Any CPU.ActiveCfg = Release|Any CPU
		{60D05ABE-E0B1-4EE4-9DF8-F0D0636D05A4}.Release|Any CPU.Build.0 = Release|Any CPU
		{CA9B17F4-2083-408C-9A91-40FF43EB1282}.Debug|Any CPU.ActiveCfg = Debug|Any CPU
		{CA9B17F4-2083-408C-9A91-40FF43EB1282}.Debug|Any CPU.Build.0 = Debug|Any CPU
		{CA9B17F4-2083-408C-9A91-40FF43EB1282}.Release|Any CPU.ActiveCfg = Release|Any CPU
		{CA9B17F4-2083-408C-9A91-40FF43EB1282}.Release|Any CPU.Build.0 = Release|Any CPU
		{7FE8D879-4E50-4DF7-BC4B-E4B5F2A50990}.Debug|Any CPU.ActiveCfg = Debug|Any CPU
		{7FE8D879-4E50-4DF7-BC4B-E4B5F2A50990}.Debug|Any CPU.Build.0 = Debug|Any CPU
		{7FE8D879-4E50-4DF7-BC4B-E4B5F2A50990}.Release|Any CPU.ActiveCfg = Release|Any CPU
		{7FE8D879-4E50-4DF7-BC4B-E4B5F2A50990}.Release|Any CPU.Build.0 = Release|Any CPU
		{E571220F-F43D-4A94-B15D-AB3F1A5A69A9}.Debug|Any CPU.ActiveCfg = Debug|Any CPU
		{E571220F-F43D-4A94-B15D-AB3F1A5A69A9}.Debug|Any CPU.Build.0 = Debug|Any CPU
		{E571220F-F43D-4A94-B15D-AB3F1A5A69A9}.Release|Any CPU.ActiveCfg = Release|Any CPU
		{E571220F-F43D-4A94-B15D-AB3F1A5A69A9}.Release|Any CPU.Build.0 = Release|Any CPU
		{1A723600-168B-4E3A-902E-D52465A396D9}.Debug|Any CPU.ActiveCfg = Debug|Any CPU
		{1A723600-168B-4E3A-902E-D52465A396D9}.Debug|Any CPU.Build.0 = Debug|Any CPU
		{1A723600-168B-4E3A-902E-D52465A396D9}.Release|Any CPU.ActiveCfg = Release|Any CPU
		{1A723600-168B-4E3A-902E-D52465A396D9}.Release|Any CPU.Build.0 = Release|Any CPU
		{D103BDB7-71AC-4E35-9F81-384806EE3418}.Debug|Any CPU.ActiveCfg = Debug|Any CPU
		{D103BDB7-71AC-4E35-9F81-384806EE3418}.Debug|Any CPU.Build.0 = Debug|Any CPU
		{D103BDB7-71AC-4E35-9F81-384806EE3418}.Release|Any CPU.ActiveCfg = Release|Any CPU
		{D103BDB7-71AC-4E35-9F81-384806EE3418}.Release|Any CPU.Build.0 = Release|Any CPU
		{32825C0E-EC00-496C-BF6A-3CF072B3B42B}.Debug|Any CPU.ActiveCfg = Debug|Any CPU
		{32825C0E-EC00-496C-BF6A-3CF072B3B42B}.Debug|Any CPU.Build.0 = Debug|Any CPU
		{32825C0E-EC00-496C-BF6A-3CF072B3B42B}.Release|Any CPU.ActiveCfg = Release|Any CPU
		{32825C0E-EC00-496C-BF6A-3CF072B3B42B}.Release|Any CPU.Build.0 = Release|Any CPU
		{06AD5E52-BDBE-451D-8091-A5A2751917A2}.Debug|Any CPU.ActiveCfg = Debug|Any CPU
		{06AD5E52-BDBE-451D-8091-A5A2751917A2}.Debug|Any CPU.Build.0 = Debug|Any CPU
		{06AD5E52-BDBE-451D-8091-A5A2751917A2}.Release|Any CPU.ActiveCfg = Release|Any CPU
		{06AD5E52-BDBE-451D-8091-A5A2751917A2}.Release|Any CPU.Build.0 = Release|Any CPU
		{D44E2835-BE3C-486D-916C-BAECD98E3BC9}.Debug|Any CPU.ActiveCfg = Debug|Any CPU
		{D44E2835-BE3C-486D-916C-BAECD98E3BC9}.Debug|Any CPU.Build.0 = Debug|Any CPU
		{D44E2835-BE3C-486D-916C-BAECD98E3BC9}.Release|Any CPU.ActiveCfg = Release|Any CPU
		{D44E2835-BE3C-486D-916C-BAECD98E3BC9}.Release|Any CPU.Build.0 = Release|Any CPU
		{ACAC339C-A605-40A8-8BA2-1C6DFA8E31FC}.Debug|Any CPU.ActiveCfg = Debug|Any CPU
		{ACAC339C-A605-40A8-8BA2-1C6DFA8E31FC}.Debug|Any CPU.Build.0 = Debug|Any CPU
		{ACAC339C-A605-40A8-8BA2-1C6DFA8E31FC}.Release|Any CPU.ActiveCfg = Release|Any CPU
		{ACAC339C-A605-40A8-8BA2-1C6DFA8E31FC}.Release|Any CPU.Build.0 = Release|Any CPU
		{B85DE5EB-3529-4046-AADC-6C9A8B69EC12}.Debug|Any CPU.ActiveCfg = Debug|Any CPU
		{B85DE5EB-3529-4046-AADC-6C9A8B69EC12}.Debug|Any CPU.Build.0 = Debug|Any CPU
		{B85DE5EB-3529-4046-AADC-6C9A8B69EC12}.Release|Any CPU.ActiveCfg = Release|Any CPU
		{B85DE5EB-3529-4046-AADC-6C9A8B69EC12}.Release|Any CPU.Build.0 = Release|Any CPU
		{2782A4AA-36C1-4B29-9771-E12CBC3C2C69}.Debug|Any CPU.ActiveCfg = Debug|Any CPU
		{2782A4AA-36C1-4B29-9771-E12CBC3C2C69}.Debug|Any CPU.Build.0 = Debug|Any CPU
		{2782A4AA-36C1-4B29-9771-E12CBC3C2C69}.Release|Any CPU.ActiveCfg = Release|Any CPU
		{2782A4AA-36C1-4B29-9771-E12CBC3C2C69}.Release|Any CPU.Build.0 = Release|Any CPU
		{A40D01BB-3576-4E1A-8332-0A51850A4B4D}.Debug|Any CPU.ActiveCfg = Debug|Any CPU
		{A40D01BB-3576-4E1A-8332-0A51850A4B4D}.Debug|Any CPU.Build.0 = Debug|Any CPU
		{A40D01BB-3576-4E1A-8332-0A51850A4B4D}.Release|Any CPU.ActiveCfg = Release|Any CPU
		{A40D01BB-3576-4E1A-8332-0A51850A4B4D}.Release|Any CPU.Build.0 = Release|Any CPU
		{3974F4BC-1A06-4F23-AD54-23DE00745E12}.Debug|Any CPU.ActiveCfg = Debug|Any CPU
		{3974F4BC-1A06-4F23-AD54-23DE00745E12}.Debug|Any CPU.Build.0 = Debug|Any CPU
		{3974F4BC-1A06-4F23-AD54-23DE00745E12}.Release|Any CPU.ActiveCfg = Release|Any CPU
		{3974F4BC-1A06-4F23-AD54-23DE00745E12}.Release|Any CPU.Build.0 = Release|Any CPU
		{4DE7183A-D41A-44D3-A2E3-D35FA99EC702}.Debug|Any CPU.ActiveCfg = Debug|Any CPU
		{4DE7183A-D41A-44D3-A2E3-D35FA99EC702}.Debug|Any CPU.Build.0 = Debug|Any CPU
		{4DE7183A-D41A-44D3-A2E3-D35FA99EC702}.Release|Any CPU.ActiveCfg = Release|Any CPU
		{4DE7183A-D41A-44D3-A2E3-D35FA99EC702}.Release|Any CPU.Build.0 = Release|Any CPU
		{08A2D78E-D512-460F-8825-DEB85E29E922}.Debug|Any CPU.ActiveCfg = Debug|Any CPU
		{08A2D78E-D512-460F-8825-DEB85E29E922}.Debug|Any CPU.Build.0 = Debug|Any CPU
		{08A2D78E-D512-460F-8825-DEB85E29E922}.Release|Any CPU.ActiveCfg = Release|Any CPU
		{08A2D78E-D512-460F-8825-DEB85E29E922}.Release|Any CPU.Build.0 = Release|Any CPU
		{6683EFB1-5D6B-470C-92DD-4C8FC023A9F9}.Debug|Any CPU.ActiveCfg = Debug|Any CPU
		{6683EFB1-5D6B-470C-92DD-4C8FC023A9F9}.Debug|Any CPU.Build.0 = Debug|Any CPU
		{6683EFB1-5D6B-470C-92DD-4C8FC023A9F9}.Release|Any CPU.ActiveCfg = Release|Any CPU
		{6683EFB1-5D6B-470C-92DD-4C8FC023A9F9}.Release|Any CPU.Build.0 = Release|Any CPU
		{47A209DE-9B1A-47F4-96E7-F8E023DFF4C5}.Debug|Any CPU.ActiveCfg = Debug|Any CPU
		{47A209DE-9B1A-47F4-96E7-F8E023DFF4C5}.Debug|Any CPU.Build.0 = Debug|Any CPU
		{47A209DE-9B1A-47F4-96E7-F8E023DFF4C5}.Release|Any CPU.ActiveCfg = Release|Any CPU
		{47A209DE-9B1A-47F4-96E7-F8E023DFF4C5}.Release|Any CPU.Build.0 = Release|Any CPU
		{28570227-9BF7-4107-B5F7-56A3158C145C}.Debug|Any CPU.ActiveCfg = Debug|Any CPU
		{28570227-9BF7-4107-B5F7-56A3158C145C}.Debug|Any CPU.Build.0 = Debug|Any CPU
		{28570227-9BF7-4107-B5F7-56A3158C145C}.Release|Any CPU.ActiveCfg = Release|Any CPU
		{28570227-9BF7-4107-B5F7-56A3158C145C}.Release|Any CPU.Build.0 = Release|Any CPU
		{EA89B7B8-7B55-4C79-9AB9-066709A9B7B3}.Debug|Any CPU.ActiveCfg = Debug|Any CPU
		{EA89B7B8-7B55-4C79-9AB9-066709A9B7B3}.Debug|Any CPU.Build.0 = Debug|Any CPU
		{EA89B7B8-7B55-4C79-9AB9-066709A9B7B3}.Release|Any CPU.ActiveCfg = Release|Any CPU
		{EA89B7B8-7B55-4C79-9AB9-066709A9B7B3}.Release|Any CPU.Build.0 = Release|Any CPU
		{295FD55A-23C9-42E0-B257-6034B17E6333}.Debug|Any CPU.ActiveCfg = Debug|Any CPU
		{295FD55A-23C9-42E0-B257-6034B17E6333}.Debug|Any CPU.Build.0 = Debug|Any CPU
		{295FD55A-23C9-42E0-B257-6034B17E6333}.Release|Any CPU.ActiveCfg = Release|Any CPU
		{295FD55A-23C9-42E0-B257-6034B17E6333}.Release|Any CPU.Build.0 = Release|Any CPU
		{35AFF623-3E63-46AF-95EC-71EEB40409E2}.Debug|Any CPU.ActiveCfg = Debug|Any CPU
		{35AFF623-3E63-46AF-95EC-71EEB40409E2}.Debug|Any CPU.Build.0 = Debug|Any CPU
		{35AFF623-3E63-46AF-95EC-71EEB40409E2}.Release|Any CPU.ActiveCfg = Release|Any CPU
		{35AFF623-3E63-46AF-95EC-71EEB40409E2}.Release|Any CPU.Build.0 = Release|Any CPU
		{EA24927D-8DF6-4E4B-A265-C7ADB4463C88}.Debug|Any CPU.ActiveCfg = Debug|Any CPU
		{EA24927D-8DF6-4E4B-A265-C7ADB4463C88}.Debug|Any CPU.Build.0 = Debug|Any CPU
		{EA24927D-8DF6-4E4B-A265-C7ADB4463C88}.Release|Any CPU.ActiveCfg = Release|Any CPU
		{EA24927D-8DF6-4E4B-A265-C7ADB4463C88}.Release|Any CPU.Build.0 = Release|Any CPU
		{320D28A3-1445-4702-9E75-41222E03C9CF}.Debug|Any CPU.ActiveCfg = Debug|Any CPU
		{320D28A3-1445-4702-9E75-41222E03C9CF}.Debug|Any CPU.Build.0 = Debug|Any CPU
		{320D28A3-1445-4702-9E75-41222E03C9CF}.Release|Any CPU.ActiveCfg = Release|Any CPU
		{320D28A3-1445-4702-9E75-41222E03C9CF}.Release|Any CPU.Build.0 = Release|Any CPU
		{4069AA0B-EE34-4E36-9CD3-17F4BAD1D000}.Debug|Any CPU.ActiveCfg = Debug|Any CPU
		{4069AA0B-EE34-4E36-9CD3-17F4BAD1D000}.Debug|Any CPU.Build.0 = Debug|Any CPU
		{4069AA0B-EE34-4E36-9CD3-17F4BAD1D000}.Release|Any CPU.ActiveCfg = Release|Any CPU
		{4069AA0B-EE34-4E36-9CD3-17F4BAD1D000}.Release|Any CPU.Build.0 = Release|Any CPU
		{77DFB8B6-9767-43F6-B9C0-F8E32EDBFB24}.Debug|Any CPU.ActiveCfg = Debug|Any CPU
		{77DFB8B6-9767-43F6-B9C0-F8E32EDBFB24}.Debug|Any CPU.Build.0 = Debug|Any CPU
		{77DFB8B6-9767-43F6-B9C0-F8E32EDBFB24}.Release|Any CPU.ActiveCfg = Release|Any CPU
		{77DFB8B6-9767-43F6-B9C0-F8E32EDBFB24}.Release|Any CPU.Build.0 = Release|Any CPU
		{6D480204-25FC-4A62-9BEE-8D5166260425}.Debug|Any CPU.ActiveCfg = Debug|Any CPU
		{6D480204-25FC-4A62-9BEE-8D5166260425}.Debug|Any CPU.Build.0 = Debug|Any CPU
		{6D480204-25FC-4A62-9BEE-8D5166260425}.Release|Any CPU.ActiveCfg = Release|Any CPU
		{6D480204-25FC-4A62-9BEE-8D5166260425}.Release|Any CPU.Build.0 = Release|Any CPU
		{D4725BEA-4023-4454-8951-AAFA75450DF6}.Debug|Any CPU.ActiveCfg = Debug|Any CPU
		{D4725BEA-4023-4454-8951-AAFA75450DF6}.Debug|Any CPU.Build.0 = Debug|Any CPU
		{D4725BEA-4023-4454-8951-AAFA75450DF6}.Release|Any CPU.ActiveCfg = Release|Any CPU
		{D4725BEA-4023-4454-8951-AAFA75450DF6}.Release|Any CPU.Build.0 = Release|Any CPU
		{F811C22C-7B13-40C6-A21D-96071DE8FAC4}.Debug|Any CPU.ActiveCfg = Debug|Any CPU
		{F811C22C-7B13-40C6-A21D-96071DE8FAC4}.Debug|Any CPU.Build.0 = Debug|Any CPU
		{F811C22C-7B13-40C6-A21D-96071DE8FAC4}.Release|Any CPU.ActiveCfg = Release|Any CPU
		{F811C22C-7B13-40C6-A21D-96071DE8FAC4}.Release|Any CPU.Build.0 = Release|Any CPU
		{47158651-F4F6-4679-B7B5-68DDA73E6B8D}.Debug|Any CPU.ActiveCfg = Debug|Any CPU
		{47158651-F4F6-4679-B7B5-68DDA73E6B8D}.Debug|Any CPU.Build.0 = Debug|Any CPU
		{47158651-F4F6-4679-B7B5-68DDA73E6B8D}.Release|Any CPU.ActiveCfg = Release|Any CPU
		{47158651-F4F6-4679-B7B5-68DDA73E6B8D}.Release|Any CPU.Build.0 = Release|Any CPU
		{11D45060-DEC6-4E64-ACDA-D397F0A808CA}.Debug|Any CPU.ActiveCfg = Debug|Any CPU
		{11D45060-DEC6-4E64-ACDA-D397F0A808CA}.Debug|Any CPU.Build.0 = Debug|Any CPU
		{11D45060-DEC6-4E64-ACDA-D397F0A808CA}.Release|Any CPU.ActiveCfg = Release|Any CPU
		{11D45060-DEC6-4E64-ACDA-D397F0A808CA}.Release|Any CPU.Build.0 = Release|Any CPU
		{909989E9-FB80-4A59-936B-19BCB8CACDD8}.Debug|Any CPU.ActiveCfg = Debug|Any CPU
		{909989E9-FB80-4A59-936B-19BCB8CACDD8}.Debug|Any CPU.Build.0 = Debug|Any CPU
		{909989E9-FB80-4A59-936B-19BCB8CACDD8}.Release|Any CPU.ActiveCfg = Release|Any CPU
		{909989E9-FB80-4A59-936B-19BCB8CACDD8}.Release|Any CPU.Build.0 = Release|Any CPU
		{59D1F6F4-8853-48C9-8590-88468F508B68}.Debug|Any CPU.ActiveCfg = Debug|Any CPU
		{59D1F6F4-8853-48C9-8590-88468F508B68}.Debug|Any CPU.Build.0 = Debug|Any CPU
		{59D1F6F4-8853-48C9-8590-88468F508B68}.Release|Any CPU.ActiveCfg = Release|Any CPU
		{59D1F6F4-8853-48C9-8590-88468F508B68}.Release|Any CPU.Build.0 = Release|Any CPU
		{317F1D99-370F-4136-A81E-41EFA9CAAC7D}.Debug|Any CPU.ActiveCfg = Debug|Any CPU
		{317F1D99-370F-4136-A81E-41EFA9CAAC7D}.Debug|Any CPU.Build.0 = Debug|Any CPU
		{317F1D99-370F-4136-A81E-41EFA9CAAC7D}.Release|Any CPU.ActiveCfg = Release|Any CPU
		{317F1D99-370F-4136-A81E-41EFA9CAAC7D}.Release|Any CPU.Build.0 = Release|Any CPU
		{6B7D0E0F-9A37-4A48-B9F7-8788EDF0E45E}.Debug|Any CPU.ActiveCfg = Debug|Any CPU
		{6B7D0E0F-9A37-4A48-B9F7-8788EDF0E45E}.Debug|Any CPU.Build.0 = Debug|Any CPU
		{6B7D0E0F-9A37-4A48-B9F7-8788EDF0E45E}.Release|Any CPU.ActiveCfg = Release|Any CPU
		{6B7D0E0F-9A37-4A48-B9F7-8788EDF0E45E}.Release|Any CPU.Build.0 = Release|Any CPU
	EndGlobalSection
	GlobalSection(SolutionProperties) = preSolution
		HideSolutionNode = FALSE
	EndGlobalSection
	GlobalSection(ExtensibilityGlobals) = postSolution
		SolutionGuid = {B1570A34-4E2B-4930-B583-3E6421E90467}
	EndGlobalSection
EndGlobal
